Microsoft Visual Studio Solution File, Format Version 12.00
# Visual Studio 15
VisualStudioVersion = 15.0.27130.2036
MinimumVisualStudioVersion = 15.0.26124.0
Project("{9A19103F-16F7-4668-BE54-9A1E7A4F7556}") = "eStore.Domain", "DDD.Domain\eStore.Domain.csproj", "{B29DB29B-A554-40B5-B926-47E3BBC52810}"
EndProject
Project("{FAE04EC0-301F-11D3-BF4B-00C04F79EFBC}") = "eStore.Data", "eStore.Data\eStore.Data.csproj", "{A2CA4D55-963E-4EFB-B645-A2015377F457}"
EndProject
Project("{FAE04EC0-301F-11D3-BF4B-00C04F79EFBC}") = "eStore.UI", "eStore.UI\eStore.UI.csproj", "{6C9F535D-04EC-464D-A725-F55CA4B66E18}"
EndProject
Project("{FAE04EC0-301F-11D3-BF4B-00C04F79EFBC}") = "eStore.Configuration", "eStore.Configuration\eStore.Configuration.csproj", "{F2B97E22-FAB2-457F-AF3A-27DCC290233E}"
EndProject
Project("{FAE04EC0-301F-11D3-BF4B-00C04F79EFBC}") = "eStore.MigrationRunner", "eStore.MigrationRunner\eStore.MigrationRunner.csproj", "{5459E007-655D-4829-AA9E-243BBB9C390D}"
EndProject
Global
	GlobalSection(SolutionConfigurationPlatforms) = preSolution
		Debug|Any CPU = Debug|Any CPU
		Debug|x64 = Debug|x64
		Debug|x86 = Debug|x86
		Release|Any CPU = Release|Any CPU
		Release|x64 = Release|x64
		Release|x86 = Release|x86
	EndGlobalSection
	GlobalSection(ProjectConfigurationPlatforms) = postSolution
		{B29DB29B-A554-40B5-B926-47E3BBC52810}.Debug|Any CPU.ActiveCfg = Debug|Any CPU
		{B29DB29B-A554-40B5-B926-47E3BBC52810}.Debug|Any CPU.Build.0 = Debug|Any CPU
		{B29DB29B-A554-40B5-B926-47E3BBC52810}.Debug|x64.ActiveCfg = Debug|Any CPU
		{B29DB29B-A554-40B5-B926-47E3BBC52810}.Debug|x64.Build.0 = Debug|Any CPU
		{B29DB29B-A554-40B5-B926-47E3BBC52810}.Debug|x86.ActiveCfg = Debug|Any CPU
		{B29DB29B-A554-40B5-B926-47E3BBC52810}.Debug|x86.Build.0 = Debug|Any CPU
		{B29DB29B-A554-40B5-B926-47E3BBC52810}.Release|Any CPU.ActiveCfg = Release|Any CPU
		{B29DB29B-A554-40B5-B926-47E3BBC52810}.Release|Any CPU.Build.0 = Release|Any CPU
		{B29DB29B-A554-40B5-B926-47E3BBC52810}.Release|x64.ActiveCfg = Release|Any CPU
		{B29DB29B-A554-40B5-B926-47E3BBC52810}.Release|x64.Build.0 = Release|Any CPU
		{B29DB29B-A554-40B5-B926-47E3BBC52810}.Release|x86.ActiveCfg = Release|Any CPU
		{B29DB29B-A554-40B5-B926-47E3BBC52810}.Release|x86.Build.0 = Release|Any CPU
		{A2CA4D55-963E-4EFB-B645-A2015377F457}.Debug|Any CPU.ActiveCfg = Debug|Any CPU
		{A2CA4D55-963E-4EFB-B645-A2015377F457}.Debug|Any CPU.Build.0 = Debug|Any CPU
		{A2CA4D55-963E-4EFB-B645-A2015377F457}.Debug|x64.ActiveCfg = Debug|Any CPU
		{A2CA4D55-963E-4EFB-B645-A2015377F457}.Debug|x64.Build.0 = Debug|Any CPU
		{A2CA4D55-963E-4EFB-B645-A2015377F457}.Debug|x86.ActiveCfg = Debug|Any CPU
		{A2CA4D55-963E-4EFB-B645-A2015377F457}.Debug|x86.Build.0 = Debug|Any CPU
		{A2CA4D55-963E-4EFB-B645-A2015377F457}.Release|Any CPU.ActiveCfg = Release|Any CPU
		{A2CA4D55-963E-4EFB-B645-A2015377F457}.Release|Any CPU.Build.0 = Release|Any CPU
		{A2CA4D55-963E-4EFB-B645-A2015377F457}.Release|x64.ActiveCfg = Release|Any CPU
		{A2CA4D55-963E-4EFB-B645-A2015377F457}.Release|x64.Build.0 = Release|Any CPU
		{A2CA4D55-963E-4EFB-B645-A2015377F457}.Release|x86.ActiveCfg = Release|Any CPU
		{A2CA4D55-963E-4EFB-B645-A2015377F457}.Release|x86.Build.0 = Release|Any CPU
		{6C9F535D-04EC-464D-A725-F55CA4B66E18}.Debug|Any CPU.ActiveCfg = Debug|Any CPU
		{6C9F535D-04EC-464D-A725-F55CA4B66E18}.Debug|Any CPU.Build.0 = Debug|Any CPU
		{6C9F535D-04EC-464D-A725-F55CA4B66E18}.Debug|x64.ActiveCfg = Debug|Any CPU
		{6C9F535D-04EC-464D-A725-F55CA4B66E18}.Debug|x64.Build.0 = Debug|Any CPU
		{6C9F535D-04EC-464D-A725-F55CA4B66E18}.Debug|x86.ActiveCfg = Debug|Any CPU
		{6C9F535D-04EC-464D-A725-F55CA4B66E18}.Debug|x86.Build.0 = Debug|Any CPU
		{6C9F535D-04EC-464D-A725-F55CA4B66E18}.Release|Any CPU.ActiveCfg = Release|Any CPU
		{6C9F535D-04EC-464D-A725-F55CA4B66E18}.Release|Any CPU.Build.0 = Release|Any CPU
		{6C9F535D-04EC-464D-A725-F55CA4B66E18}.Release|x64.ActiveCfg = Release|Any CPU
		{6C9F535D-04EC-464D-A725-F55CA4B66E18}.Release|x64.Build.0 = Release|Any CPU
		{6C9F535D-04EC-464D-A725-F55CA4B66E18}.Release|x86.ActiveCfg = Release|Any CPU
		{6C9F535D-04EC-464D-A725-F55CA4B66E18}.Release|x86.Build.0 = Release|Any CPU
		{F2B97E22-FAB2-457F-AF3A-27DCC290233E}.Debug|Any CPU.ActiveCfg = Debug|Any CPU
		{F2B97E22-FAB2-457F-AF3A-27DCC290233E}.Debug|Any CPU.Build.0 = Debug|Any CPU
		{F2B97E22-FAB2-457F-AF3A-27DCC290233E}.Debug|x64.ActiveCfg = Debug|Any CPU
		{F2B97E22-FAB2-457F-AF3A-27DCC290233E}.Debug|x64.Build.0 = Debug|Any CPU
		{F2B97E22-FAB2-457F-AF3A-27DCC290233E}.Debug|x86.ActiveCfg = Debug|Any CPU
		{F2B97E22-FAB2-457F-AF3A-27DCC290233E}.Debug|x86.Build.0 = Debug|Any CPU
		{F2B97E22-FAB2-457F-AF3A-27DCC290233E}.Release|Any CPU.ActiveCfg = Release|Any CPU
		{F2B97E22-FAB2-457F-AF3A-27DCC290233E}.Release|Any CPU.Build.0 = Release|Any CPU
		{F2B97E22-FAB2-457F-AF3A-27DCC290233E}.Release|x64.ActiveCfg = Release|Any CPU
		{F2B97E22-FAB2-457F-AF3A-27DCC290233E}.Release|x64.Build.0 = Release|Any CPU
		{F2B97E22-FAB2-457F-AF3A-27DCC290233E}.Release|x86.ActiveCfg = Release|Any CPU
		{F2B97E22-FAB2-457F-AF3A-27DCC290233E}.Release|x86.Build.0 = Release|Any CPU
		{5459E007-655D-4829-AA9E-243BBB9C390D}.Debug|Any CPU.ActiveCfg = Debug|Any CPU
		{5459E007-655D-4829-AA9E-243BBB9C390D}.Debug|Any CPU.Build.0 = Debug|Any CPU
		{5459E007-655D-4829-AA9E-243BBB9C390D}.Debug|x64.ActiveCfg = Debug|Any CPU
		{5459E007-655D-4829-AA9E-243BBB9C390D}.Debug|x64.Build.0 = Debug|Any CPU
		{5459E007-655D-4829-AA9E-243BBB9C390D}.Debug|x86.ActiveCfg = Debug|Any CPU
		{5459E007-655D-4829-AA9E-243BBB9C390D}.Debug|x86.Build.0 = Debug|Any CPU
		{5459E007-655D-4829-AA9E-243BBB9C390D}.Release|Any CPU.ActiveCfg = Release|Any CPU
		{5459E007-655D-4829-AA9E-243BBB9C390D}.Release|Any CPU.Build.0 = Release|Any CPU
		{5459E007-655D-4829-AA9E-243BBB9C390D}.Release|x64.ActiveCfg = Release|Any CPU
		{5459E007-655D-4829-AA9E-243BBB9C390D}.Release|x64.Build.0 = Release|Any CPU
		{5459E007-655D-4829-AA9E-243BBB9C390D}.Release|x86.ActiveCfg = Release|Any CPU
		{5459E007-655D-4829-AA9E-243BBB9C390D}.Release|x86.Build.0 = Release|Any CPU
	EndGlobalSection
	GlobalSection(SolutionProperties) = preSolution
		HideSolutionNode = FALSE
	EndGlobalSection
	GlobalSection(ExtensibilityGlobals) = postSolution
		SolutionGuid = {27B0911A-38C5-442B-86B7-0CD03F4721F2}
	EndGlobalSection
EndGlobal
